{
  "name": "@sablier-app/monorepo",
  "version": "1.0.0",
  "lockfileVersion": 1,
  "requires": true,
  "dependencies": {
    "@ethersproject/bytes": {
      "version": "5.0.0-beta.137",
      "resolved": "https://registry.npmjs.org/@ethersproject/bytes/-/bytes-5.0.0-beta.137.tgz",
      "integrity": "sha512-uBwchZzGP912Wcani6vM7RLtsnN69Uc9WTLvewsniKrpHpSx0/k33WUcQVosmkwPgUtqflKyGjcIqaea1Z9WHw==",
      "requires": {
        "@ethersproject/logger": ">=5.0.0-beta.129"
      }
    },
    "@ethersproject/keccak256": {
      "version": "5.0.0-beta.131",
      "resolved": "https://registry.npmjs.org/@ethersproject/keccak256/-/keccak256-5.0.0-beta.131.tgz",
      "integrity": "sha512-KQnqMwGV0IMOjAr/UTFO8DuLrmN1uaMvcV3zh9hiXhh3rCuY+WXdeUh49w1VQ94kBKmaP0qfGb7z4SdhUWUHjw==",
      "requires": {
        "@ethersproject/bytes": ">=5.0.0-beta.129",
        "js-sha3": "0.5.7"
      }
    },
    "@ethersproject/logger": {
      "version": "5.0.0-beta.137",
      "resolved": "https://registry.npmjs.org/@ethersproject/logger/-/logger-5.0.0-beta.137.tgz",
      "integrity": "sha512-H36iMhWOY+tco1+o2NZUdQT8Gc6Y9795RSPgvluatvjvyt3X6mHtWXes4F8Rc5N/95px++a/ODYVSkSmlr68+A=="
    },
    "@web3-react/abstract-connector": {
      "version": "6.0.7",
      "resolved": "https://registry.npmjs.org/@web3-react/abstract-connector/-/abstract-connector-6.0.7.tgz",
      "integrity": "sha512-RhQasA4Ox8CxUC0OENc1AJJm8UTybu/oOCM61Zjg6y0iF7Z0sqv1Ai1VdhC33hrQpA8qSBgoXN9PaP8jKmtdqg==",
      "requires": {
        "@web3-react/types": "^6.0.7"
      }
    },
    "@web3-react/core": {
      "version": "6.0.9",
      "resolved": "https://registry.npmjs.org/@web3-react/core/-/core-6.0.9.tgz",
      "integrity": "sha512-mhYvLLXcnzi75ksdOkPGPo6dagd+z30ziz4169C9wSukq9zozNhwAFVlx5rmXJz/EnHl+AwwYcuGVONwEzifsw==",
      "requires": {
        "@ethersproject/keccak256": "^5.0.0-beta.130",
        "@web3-react/abstract-connector": "^6.0.7",
        "@web3-react/types": "^6.0.7",
        "tiny-invariant": "^1.0.6",
        "tiny-warning": "^1.0.3"
      }
    },
    "@web3-react/types": {
      "version": "6.0.7",
      "resolved": "https://registry.npmjs.org/@web3-react/types/-/types-6.0.7.tgz",
      "integrity": "sha512-ofGmfDhxmNT1/P/MgVa8IKSkCStFiyvXe+U5tyZurKdrtTDFU+wJ/LxClPDtFerWpczNFPUSrKcuhfPX1sI6+A=="
    },
    "js-sha3": {
      "version": "0.5.7",
      "resolved": "https://registry.npmjs.org/js-sha3/-/js-sha3-0.5.7.tgz",
      "integrity": "sha1-DU/9gALVMzqrr0oj7tL2N0yfKOc="
    },
    "tiny-invariant": {
      "version": "1.1.0",
      "resolved": "https://registry.npmjs.org/tiny-invariant/-/tiny-invariant-1.1.0.tgz",
      "integrity": "sha512-ytxQvrb1cPc9WBEI/HSeYYoGD0kWnGEOR8RY6KomWLBVhqz0RgTwVO9dLrGz7dC+nN9llyI7OKAgRq8Vq4ZBSw=="
    },
    "tiny-warning": {
      "version": "1.0.3",
      "resolved": "https://registry.npmjs.org/tiny-warning/-/tiny-warning-1.0.3.tgz",
      "integrity": "sha512-lBN9zLN/oAf68o3zNXYrdCt1kP8WsiGW8Oo2ka41b2IM5JL/S1CTyX1rW0mb/zSuJun0ZUrDxx4sqvYS2FWzPA=="
    }
  }
}
